
Microsoft Visual Studio Solution File, Format Version 12.00
# Visual Studio Version 17
VisualStudioVersion = 17.14.36518.9 d17.14
MinimumVisualStudioVersion = 10.0.40219.1
Project("{FAE04EC0-301F-11D3-BF4B-00C04F79EFBC}") = "condicionais", "condicionais.csproj", "{39A67CCD-7F9C-45B6-BA56-BE2AA9F3D949}"
EndProject
Global
	GlobalSection(SolutionConfigurationPlatforms) = preSolution
		Debug|Any CPU = Debug|Any CPU
		Release|Any CPU = Release|Any CPU
	EndGlobalSection
	GlobalSection(ProjectConfigurationPlatforms) = postSolution
		{39A67CCD-7F9C-45B6-BA56-BE2AA9F3D949}.Debug|Any CPU.ActiveCfg = Debug|Any CPU
		{39A67CCD-7F9C-45B6-BA56-BE2AA9F3D949}.Debug|Any CPU.Build.0 = Debug|Any CPU
		{39A67CCD-7F9C-45B6-BA56-BE2AA9F3D949}.Release|Any CPU.ActiveCfg = Release|Any CPU
		{39A67CCD-7F9C-45B6-BA56-BE2AA9F3D949}.Release|Any CPU.Build.0 = Release|Any CPU
	EndGlobalSection
	GlobalSection(SolutionProperties) = preSolution
		HideSolutionNode = FALSE
	EndGlobalSection
	GlobalSection(ExtensibilityGlobals) = postSolution
		SolutionGuid = {CE4B54B9-8420-4088-AC17-B422449D78E8}
	EndGlobalSection
EndGlobal
