
Microsoft Visual Studio Solution File, Format Version 12.00
# Visual Studio Version 17
VisualStudioVersion = 17.14.36518.9 d17.14
MinimumVisualStudioVersion = 10.0.40219.1
Project("{FAE04EC0-301F-11D3-BF4B-00C04F79EFBC}") = "loop", "loop.csproj", "{D51E9103-6F5C-4C3E-8BC8-B84D16B1B4FD}"
EndProject
Global
	GlobalSection(SolutionConfigurationPlatforms) = preSolution
		Debug|Any CPU = Debug|Any CPU
		Release|Any CPU = Release|Any CPU
	EndGlobalSection
	GlobalSection(ProjectConfigurationPlatforms) = postSolution
		{D51E9103-6F5C-4C3E-8BC8-B84D16B1B4FD}.Debug|Any CPU.ActiveCfg = Debug|Any CPU
		{D51E9103-6F5C-4C3E-8BC8-B84D16B1B4FD}.Debug|Any CPU.Build.0 = Debug|Any CPU
		{D51E9103-6F5C-4C3E-8BC8-B84D16B1B4FD}.Release|Any CPU.ActiveCfg = Release|Any CPU
		{D51E9103-6F5C-4C3E-8BC8-B84D16B1B4FD}.Release|Any CPU.Build.0 = Release|Any CPU
	EndGlobalSection
	GlobalSection(SolutionProperties) = preSolution
		HideSolutionNode = FALSE
	EndGlobalSection
	GlobalSection(ExtensibilityGlobals) = postSolution
		SolutionGuid = {94F69AEA-107F-48BE-A80A-8BA2C897D213}
	EndGlobalSection
EndGlobal
