
Microsoft Visual Studio Solution File, Format Version 12.00
# Visual Studio Version 17
VisualStudioVersion = 17.14.36518.9 d17.14
MinimumVisualStudioVersion = 10.0.40219.1
Project("{FAE04EC0-301F-11D3-BF4B-00C04F79EFBC}") = "opamundo", "opamundo\opamundo.csproj", "{59F8DEE2-5F38-4889-AF1F-F9B8AEEE3535}"
EndProject
Global
	GlobalSection(SolutionConfigurationPlatforms) = preSolution
		Debug|Any CPU = Debug|Any CPU
		Release|Any CPU = Release|Any CPU
	EndGlobalSection
	GlobalSection(ProjectConfigurationPlatforms) = postSolution
		{59F8DEE2-5F38-4889-AF1F-F9B8AEEE3535}.Debug|Any CPU.ActiveCfg = Debug|Any CPU
		{59F8DEE2-5F38-4889-AF1F-F9B8AEEE3535}.Debug|Any CPU.Build.0 = Debug|Any CPU
		{59F8DEE2-5F38-4889-AF1F-F9B8AEEE3535}.Release|Any CPU.ActiveCfg = Release|Any CPU
		{59F8DEE2-5F38-4889-AF1F-F9B8AEEE3535}.Release|Any CPU.Build.0 = Release|Any CPU
	EndGlobalSection
	GlobalSection(SolutionProperties) = preSolution
		HideSolutionNode = FALSE
	EndGlobalSection
	GlobalSection(ExtensibilityGlobals) = postSolution
		SolutionGuid = {337A6D56-34C6-42F6-AE12-15F3D5AE1143}
	EndGlobalSection
EndGlobal
